
Microsoft Visual Studio Solution File, Format Version 12.00
# Visual Studio Version 17
VisualStudioVersion = 17.6.33717.318
MinimumVisualStudioVersion = 10.0.40219.1
Project("{9A19103F-16F7-4668-BE54-9A1E7A4F7556}") = "HW1", "HW1.csproj", "{1614435F-F90C-4008-AFCA-0F714EE6223D}"
EndProject
Project("{9A19103F-16F7-4668-BE54-9A1E7A4F7556}") = "HW2", "..\HW2\HW2.csproj", "{4C347952-F8D8-4693-B7A8-A64906307677}"
EndProject
Project("{9A19103F-16F7-4668-BE54-9A1E7A4F7556}") = "Class3", "..\Class3\Class3.csproj", "{24360BAB-22D0-4C2F-9835-8C5517E6C0B1}"
EndProject
Project("{9A19103F-16F7-4668-BE54-9A1E7A4F7556}") = "HW3", "..\HW3\HW3.csproj", "{00AD51B7-D8D4-4449-B1D9-980E294F3728}"
EndProject
Project("{FAE04EC0-301F-11D3-BF4B-00C04F79EFBC}") = "HW4", "..\HW4\HW4.csproj", "{1F202229-7C30-4183-AF14-E914DDF1EA7A}"
EndProject
Global
	GlobalSection(SolutionConfigurationPlatforms) = preSolution
		Debug|Any CPU = Debug|Any CPU
		Release|Any CPU = Release|Any CPU
	EndGlobalSection
	GlobalSection(ProjectConfigurationPlatforms) = postSolution
		{1614435F-F90C-4008-AFCA-0F714EE6223D}.Debug|Any CPU.ActiveCfg = Debug|Any CPU
		{1614435F-F90C-4008-AFCA-0F714EE6223D}.Debug|Any CPU.Build.0 = Debug|Any CPU
		{1614435F-F90C-4008-AFCA-0F714EE6223D}.Release|Any CPU.ActiveCfg = Release|Any CPU
		{1614435F-F90C-4008-AFCA-0F714EE6223D}.Release|Any CPU.Build.0 = Release|Any CPU
		{4C347952-F8D8-4693-B7A8-A64906307677}.Debug|Any CPU.ActiveCfg = Debug|Any CPU
		{4C347952-F8D8-4693-B7A8-A64906307677}.Debug|Any CPU.Build.0 = Debug|Any CPU
		{4C347952-F8D8-4693-B7A8-A64906307677}.Release|Any CPU.ActiveCfg = Release|Any CPU
		{4C347952-F8D8-4693-B7A8-A64906307677}.Release|Any CPU.Build.0 = Release|Any CPU
		{24360BAB-22D0-4C2F-9835-8C5517E6C0B1}.Debug|Any CPU.ActiveCfg = Debug|Any CPU
		{24360BAB-22D0-4C2F-9835-8C5517E6C0B1}.Debug|Any CPU.Build.0 = Debug|Any CPU
		{24360BAB-22D0-4C2F-9835-8C5517E6C0B1}.Release|Any CPU.ActiveCfg = Release|Any CPU
		{24360BAB-22D0-4C2F-9835-8C5517E6C0B1}.Release|Any CPU.Build.0 = Release|Any CPU
		{00AD51B7-D8D4-4449-B1D9-980E294F3728}.Debug|Any CPU.ActiveCfg = Debug|Any CPU
		{00AD51B7-D8D4-4449-B1D9-980E294F3728}.Debug|Any CPU.Build.0 = Debug|Any CPU
		{00AD51B7-D8D4-4449-B1D9-980E294F3728}.Release|Any CPU.ActiveCfg = Release|Any CPU
		{00AD51B7-D8D4-4449-B1D9-980E294F3728}.Release|Any CPU.Build.0 = Release|Any CPU
		{1F202229-7C30-4183-AF14-E914DDF1EA7A}.Debug|Any CPU.ActiveCfg = Debug|Any CPU
		{1F202229-7C30-4183-AF14-E914DDF1EA7A}.Debug|Any CPU.Build.0 = Debug|Any CPU
		{1F202229-7C30-4183-AF14-E914DDF1EA7A}.Release|Any CPU.ActiveCfg = Release|Any CPU
		{1F202229-7C30-4183-AF14-E914DDF1EA7A}.Release|Any CPU.Build.0 = Release|Any CPU
	EndGlobalSection
	GlobalSection(SolutionProperties) = preSolution
		HideSolutionNode = FALSE
	EndGlobalSection
	GlobalSection(ExtensibilityGlobals) = postSolution
		SolutionGuid = {1C8A0A30-8B49-4A5A-98F8-68303E5927AA}
	EndGlobalSection
EndGlobal
